{
  "originHash" : "8c9b61c176a61ad3688d7a16f57ae3d812e58060eb4d95b09bd7699a5908da78",
  "pins" : [
    {
      "identity" : "sdk-instream-ios-build",
      "kind" : "remoteSourceControl",
      "location" : "https://github.com/digiteka/SDK-instream-ios-build",
      "state" : {
        "revision" : "b0c6b5713db7e918b7f7c0275555527fd79c73c5",
        "version" : "1.0.1"
      }
    }
  ],
  "version" : 3
}
