{
  "pins" : [
    {
      "identity" : "digiteka.instream.xcframework",
      "kind" : "remoteSourceControl",
      "location" : "git@bitbucket.org:beappers/digiteka.instream.xcframework.git",
      "state" : {
        "revision" : "1e77be2aa0eb87de4ece5e66c50a7e2b1b73c147",
        "version" : "1.0.0-6"
      }
    }
  ],
  "version" : 2
}
