// !$*UTF8*$!
{
	archiveVersion = 1;
	classes = {
	};
	objectVersion = 60;
	objects = {

/* Begin PBXBuildFile section */
		4C347FEF2B45BACC00CE8299 /* VideoTableViewCell.swift in Sources */ = {isa = PBXBuildFile; fileRef = 4C347FEE2B45BACC00CE8299 /* VideoTableViewCell.swift */; };
		4C347FF32B46ABD900CE8299 /* VideoTableViewCell.xib in Resources */ = {isa = PBXBuildFile; fileRef = 4C347FF22B46ABD900CE8299 /* VideoTableViewCell.xib */; };
		4C347FF82B46BD4B00CE8299 /* InStreamSDK in Frameworks */ = {isa = PBXBuildFile; productRef = 4C347FF72B46BD4B00CE8299 /* InStreamSDK */; };
		4C347FFC2B46C65700CE8299 /* InStreamSDK in Frameworks */ = {isa = PBXBuildFile; productRef = 4C347FFB2B46C65700CE8299 /* InStreamSDK */; };
		4C3480022B46C87F00CE8299 /* InStreamSDK in Frameworks */ = {isa = PBXBuildFile; productRef = 4C3480012B46C87F00CE8299 /* InStreamSDK */; };
		4C3480072B46CFA300CE8299 /* InStreamSDK in Frameworks */ = {isa = PBXBuildFile; productRef = 4C3480062B46CFA300CE8299 /* InStreamSDK */; };
		4C34800A2B46D0AB00CE8299 /* InStreamSDK in Frameworks */ = {isa = PBXBuildFile; productRef = 4C3480092B46D0AB00CE8299 /* InStreamSDK */; };
		4C3480112B485BA700CE8299 /* InStreamSDK in Frameworks */ = {isa = PBXBuildFile; productRef = 4C3480102B485BA700CE8299 /* InStreamSDK */; };
		4C4BFD322B4D63CC00A1797A /* FirstViewController.swift in Sources */ = {isa = PBXBuildFile; fileRef = 4C4BFD312B4D63CC00A1797A /* FirstViewController.swift */; };
		4C4BFD352B4D667E00A1797A /* SettingViewController.xib in Resources */ = {isa = PBXBuildFile; fileRef = 4C4BFD342B4D667E00A1797A /* SettingViewController.xib */; };
		4C4BFD382B4D74E700A1797A /* DemoMainView.swift in Sources */ = {isa = PBXBuildFile; fileRef = 4C4BFD372B4D74E700A1797A /* DemoMainView.swift */; };
		4C4BFD3A2B4D783D00A1797A /* VideoCellView.swift in Sources */ = {isa = PBXBuildFile; fileRef = 4C4BFD392B4D783D00A1797A /* VideoCellView.swift */; };
		4C4BFD452B4EC85C00A1797A /* Constants.swift in Sources */ = {isa = PBXBuildFile; fileRef = 4C4BFD442B4EC85C00A1797A /* Constants.swift */; };
		4C8E1A2F2B45AB5F0047A877 /* InStreamSDK in Frameworks */ = {isa = PBXBuildFile; productRef = 4C8E1A2E2B45AB5F0047A877 /* InStreamSDK */; };
		4C8E1A312B45AD360047A877 /* SettingViewController.swift in Sources */ = {isa = PBXBuildFile; fileRef = 4C8E1A302B45AD360047A877 /* SettingViewController.swift */; };
		4C8E1A342B45AE6D0047A877 /* DemoViewController.xib in Resources */ = {isa = PBXBuildFile; fileRef = 4C8E1A332B45AE6D0047A877 /* DemoViewController.xib */; };
		4CCA7C432B456E77008CA04C /* AppDelegate.swift in Sources */ = {isa = PBXBuildFile; fileRef = 4CCA7C422B456E77008CA04C /* AppDelegate.swift */; };
		4CCA7C452B456E77008CA04C /* SceneDelegate.swift in Sources */ = {isa = PBXBuildFile; fileRef = 4CCA7C442B456E77008CA04C /* SceneDelegate.swift */; };
		4CCA7C472B456E77008CA04C /* DemoViewController.swift in Sources */ = {isa = PBXBuildFile; fileRef = 4CCA7C462B456E77008CA04C /* DemoViewController.swift */; };
		4CCA7C4A2B456E77008CA04C /* Main.storyboard in Resources */ = {isa = PBXBuildFile; fileRef = 4CCA7C482B456E77008CA04C /* Main.storyboard */; };
		4CCA7C4C2B456E78008CA04C /* Assets.xcassets in Resources */ = {isa = PBXBuildFile; fileRef = 4CCA7C4B2B456E78008CA04C /* Assets.xcassets */; };
		4CCA7C4F2B456E78008CA04C /* LaunchScreen.storyboard in Resources */ = {isa = PBXBuildFile; fileRef = 4CCA7C4D2B456E78008CA04C /* LaunchScreen.storyboard */; };
		4CCA7C572B457085008CA04C /* MockTableViewCell.swift in Sources */ = {isa = PBXBuildFile; fileRef = 4CCA7C562B457085008CA04C /* MockTableViewCell.swift */; };
		4CCA7C5A2B4574B7008CA04C /* MockTableViewCell.xib in Resources */ = {isa = PBXBuildFile; fileRef = 4CCA7C592B4574B7008CA04C /* MockTableViewCell.xib */; };
		4CCA7C5E2B457808008CA04C /* InStreamSDK in Frameworks */ = {isa = PBXBuildFile; productRef = 4CCA7C5D2B457808008CA04C /* InStreamSDK */; };
		4CCA7C7C2B459689008CA04C /* InStreamSDK in Frameworks */ = {isa = PBXBuildFile; productRef = 4CCA7C7B2B459689008CA04C /* InStreamSDK */; };
		4CCA7C7E2B459716008CA04C /* InStreamSDK in Frameworks */ = {isa = PBXBuildFile; productRef = 4CCA7C7D2B459716008CA04C /* InStreamSDK */; };
		4CF450592B5E682E0059F2AD /* InStreamSDK in Frameworks */ = {isa = PBXBuildFile; productRef = 4CF450582B5E682E0059F2AD /* InStreamSDK */; };
/* End PBXBuildFile section */

/* Begin PBXFileReference section */
		4C347FEE2B45BACC00CE8299 /* VideoTableViewCell.swift */ = {isa = PBXFileReference; lastKnownFileType = sourcecode.swift; path = VideoTableViewCell.swift; sourceTree = "<group>"; };
		4C347FF22B46ABD900CE8299 /* VideoTableViewCell.xib */ = {isa = PBXFileReference; lastKnownFileType = file.xib; path = VideoTableViewCell.xib; sourceTree = "<group>"; };
		4C4BFD312B4D63CC00A1797A /* FirstViewController.swift */ = {isa = PBXFileReference; lastKnownFileType = sourcecode.swift; path = FirstViewController.swift; sourceTree = "<group>"; };
		4C4BFD342B4D667E00A1797A /* SettingViewController.xib */ = {isa = PBXFileReference; lastKnownFileType = file.xib; path = SettingViewController.xib; sourceTree = "<group>"; };
		4C4BFD372B4D74E700A1797A /* DemoMainView.swift */ = {isa = PBXFileReference; lastKnownFileType = sourcecode.swift; path = DemoMainView.swift; sourceTree = "<group>"; };
		4C4BFD392B4D783D00A1797A /* VideoCellView.swift */ = {isa = PBXFileReference; lastKnownFileType = sourcecode.swift; path = VideoCellView.swift; sourceTree = "<group>"; };
		4C4BFD442B4EC85C00A1797A /* Constants.swift */ = {isa = PBXFileReference; lastKnownFileType = sourcecode.swift; path = Constants.swift; sourceTree = "<group>"; };
		4C8E1A302B45AD360047A877 /* SettingViewController.swift */ = {isa = PBXFileReference; lastKnownFileType = sourcecode.swift; path = SettingViewController.swift; sourceTree = "<group>"; };
		4C8E1A332B45AE6D0047A877 /* DemoViewController.xib */ = {isa = PBXFileReference; lastKnownFileType = file.xib; path = DemoViewController.xib; sourceTree = "<group>"; };
		4CCA7C3F2B456E77008CA04C /* InStreamSample.app */ = {isa = PBXFileReference; explicitFileType = wrapper.application; includeInIndex = 0; path = InStreamSample.app; sourceTree = BUILT_PRODUCTS_DIR; };
		4CCA7C422B456E77008CA04C /* AppDelegate.swift */ = {isa = PBXFileReference; lastKnownFileType = sourcecode.swift; path = AppDelegate.swift; sourceTree = "<group>"; };
		4CCA7C442B456E77008CA04C /* SceneDelegate.swift */ = {isa = PBXFileReference; lastKnownFileType = sourcecode.swift; path = SceneDelegate.swift; sourceTree = "<group>"; };
		4CCA7C462B456E77008CA04C /* DemoViewController.swift */ = {isa = PBXFileReference; lastKnownFileType = sourcecode.swift; path = DemoViewController.swift; sourceTree = "<group>"; };
		4CCA7C492B456E77008CA04C /* Base */ = {isa = PBXFileReference; lastKnownFileType = file.storyboard; name = Base; path = Base.lproj/Main.storyboard; sourceTree = "<group>"; };
		4CCA7C4B2B456E78008CA04C /* Assets.xcassets */ = {isa = PBXFileReference; lastKnownFileType = folder.assetcatalog; path = Assets.xcassets; sourceTree = "<group>"; };
		4CCA7C4E2B456E78008CA04C /* Base */ = {isa = PBXFileReference; lastKnownFileType = file.storyboard; name = Base; path = Base.lproj/LaunchScreen.storyboard; sourceTree = "<group>"; };
		4CCA7C502B456E78008CA04C /* Info.plist */ = {isa = PBXFileReference; lastKnownFileType = text.plist.xml; path = Info.plist; sourceTree = "<group>"; };
		4CCA7C562B457085008CA04C /* MockTableViewCell.swift */ = {isa = PBXFileReference; lastKnownFileType = sourcecode.swift; path = MockTableViewCell.swift; sourceTree = "<group>"; };
		4CCA7C592B4574B7008CA04C /* MockTableViewCell.xib */ = {isa = PBXFileReference; lastKnownFileType = file.xib; path = MockTableViewCell.xib; sourceTree = "<group>"; };
/* End PBXFileReference section */

/* Begin PBXFrameworksBuildPhase section */
		4CCA7C3C2B456E77008CA04C /* Frameworks */ = {
			isa = PBXFrameworksBuildPhase;
			buildActionMask = 2147483647;
			files = (
				4C3480072B46CFA300CE8299 /* InStreamSDK in Frameworks */,
				4CF450592B5E682E0059F2AD /* InStreamSDK in Frameworks */,
				4C34800A2B46D0AB00CE8299 /* InStreamSDK in Frameworks */,
				4C3480112B485BA700CE8299 /* InStreamSDK in Frameworks */,
				4C8E1A2F2B45AB5F0047A877 /* InStreamSDK in Frameworks */,
				4CCA7C7C2B459689008CA04C /* InStreamSDK in Frameworks */,
				4C347FF82B46BD4B00CE8299 /* InStreamSDK in Frameworks */,
				4CCA7C7E2B459716008CA04C /* InStreamSDK in Frameworks */,
				4C347FFC2B46C65700CE8299 /* InStreamSDK in Frameworks */,
				4CCA7C5E2B457808008CA04C /* InStreamSDK in Frameworks */,
				4C3480022B46C87F00CE8299 /* InStreamSDK in Frameworks */,
			);
			runOnlyForDeploymentPostprocessing = 0;
		};
/* End PBXFrameworksBuildPhase section */

/* Begin PBXGroup section */
		4C4BFD332B4D663100A1797A /* SettingViewController */ = {
			isa = PBXGroup;
			children = (
				4C8E1A302B45AD360047A877 /* SettingViewController.swift */,
				4C4BFD342B4D667E00A1797A /* SettingViewController.xib */,
			);
			path = SettingViewController;
			sourceTree = "<group>";
		};
		4C4BFD362B4D741F00A1797A /* SwiftUI */ = {
			isa = PBXGroup;
			children = (
				4C4BFD372B4D74E700A1797A /* DemoMainView.swift */,
				4C4BFD392B4D783D00A1797A /* VideoCellView.swift */,
			);
			path = SwiftUI;
			sourceTree = "<group>";
		};
		4C8E1A322B45AE580047A877 /* DemoViewController */ = {
			isa = PBXGroup;
			children = (
				4CCA7C462B456E77008CA04C /* DemoViewController.swift */,
				4C8E1A332B45AE6D0047A877 /* DemoViewController.xib */,
			);
			path = DemoViewController;
			sourceTree = "<group>";
		};
		4CCA7C362B456E77008CA04C = {
			isa = PBXGroup;
			children = (
				4CCA7C412B456E77008CA04C /* InStreamSample */,
				4CCA7C402B456E77008CA04C /* Products */,
			);
			sourceTree = "<group>";
		};
		4CCA7C402B456E77008CA04C /* Products */ = {
			isa = PBXGroup;
			children = (
				4CCA7C3F2B456E77008CA04C /* InStreamSample.app */,
			);
			name = Products;
			sourceTree = "<group>";
		};
		4CCA7C412B456E77008CA04C /* InStreamSample */ = {
			isa = PBXGroup;
			children = (
				4C4BFD362B4D741F00A1797A /* SwiftUI */,
				4C4BFD332B4D663100A1797A /* SettingViewController */,
				4C8E1A322B45AE580047A877 /* DemoViewController */,
				4CCA7C582B4574A2008CA04C /* cell */,
				4CCA7C422B456E77008CA04C /* AppDelegate.swift */,
				4CCA7C442B456E77008CA04C /* SceneDelegate.swift */,
				4C4BFD312B4D63CC00A1797A /* FirstViewController.swift */,
				4CCA7C482B456E77008CA04C /* Main.storyboard */,
				4CCA7C4D2B456E78008CA04C /* LaunchScreen.storyboard */,
				4CCA7C4B2B456E78008CA04C /* Assets.xcassets */,
				4CCA7C502B456E78008CA04C /* Info.plist */,
				4C4BFD442B4EC85C00A1797A /* Constants.swift */,
			);
			path = InStreamSample;
			sourceTree = "<group>";
		};
		4CCA7C582B4574A2008CA04C /* cell */ = {
			isa = PBXGroup;
			children = (
				4CCA7C562B457085008CA04C /* MockTableViewCell.swift */,
				4CCA7C592B4574B7008CA04C /* MockTableViewCell.xib */,
				4C347FEE2B45BACC00CE8299 /* VideoTableViewCell.swift */,
				4C347FF22B46ABD900CE8299 /* VideoTableViewCell.xib */,
			);
			path = cell;
			sourceTree = "<group>";
		};
/* End PBXGroup section */

/* Begin PBXNativeTarget section */
		4CCA7C3E2B456E77008CA04C /* InStreamSample */ = {
			isa = PBXNativeTarget;
			buildConfigurationList = 4CCA7C532B456E78008CA04C /* Build configuration list for PBXNativeTarget "InStreamSample" */;
			buildPhases = (
				4CCA7C3B2B456E77008CA04C /* Sources */,
				4CCA7C3C2B456E77008CA04C /* Frameworks */,
				4CCA7C3D2B456E77008CA04C /* Resources */,
			);
			buildRules = (
			);
			dependencies = (
			);
			name = InStreamSample;
			packageProductDependencies = (
				4CCA7C5D2B457808008CA04C /* InStreamSDK */,
				4CCA7C7B2B459689008CA04C /* InStreamSDK */,
				4CCA7C7D2B459716008CA04C /* InStreamSDK */,
				4C8E1A2E2B45AB5F0047A877 /* InStreamSDK */,
				4C347FF72B46BD4B00CE8299 /* InStreamSDK */,
				4C347FFB2B46C65700CE8299 /* InStreamSDK */,
				4C3480012B46C87F00CE8299 /* InStreamSDK */,
				4C3480062B46CFA300CE8299 /* InStreamSDK */,
				4C3480092B46D0AB00CE8299 /* InStreamSDK */,
				4C3480102B485BA700CE8299 /* InStreamSDK */,
				4CF450582B5E682E0059F2AD /* InStreamSDK */,
			);
			productName = InStreamSample;
			productReference = 4CCA7C3F2B456E77008CA04C /* InStreamSample.app */;
			productType = "com.apple.product-type.application";
		};
/* End PBXNativeTarget section */

/* Begin PBXProject section */
		4CCA7C372B456E77008CA04C /* Project object */ = {
			isa = PBXProject;
			attributes = {
				BuildIndependentTargetsInParallel = 1;
				LastSwiftUpdateCheck = 1500;
				LastUpgradeCheck = 1500;
				TargetAttributes = {
					4CCA7C3E2B456E77008CA04C = {
						CreatedOnToolsVersion = 15.0;
					};
				};
			};
			buildConfigurationList = 4CCA7C3A2B456E77008CA04C /* Build configuration list for PBXProject "InStreamSample" */;
			compatibilityVersion = "Xcode 14.0";
			developmentRegion = en;
			hasScannedForEncodings = 0;
			knownRegions = (
				en,
				Base,
			);
			mainGroup = 4CCA7C362B456E77008CA04C;
			packageReferences = (
				4CF450572B5E682E0059F2AD /* XCLocalSwiftPackageReference "../digiteka.instream.ios" */,
			);
			productRefGroup = 4CCA7C402B456E77008CA04C /* Products */;
			projectDirPath = "";
			projectRoot = "";
			targets = (
				4CCA7C3E2B456E77008CA04C /* InStreamSample */,
			);
		};
/* End PBXProject section */

/* Begin PBXResourcesBuildPhase section */
		4CCA7C3D2B456E77008CA04C /* Resources */ = {
			isa = PBXResourcesBuildPhase;
			buildActionMask = 2147483647;
			files = (
				4C4BFD352B4D667E00A1797A /* SettingViewController.xib in Resources */,
				4CCA7C4F2B456E78008CA04C /* LaunchScreen.storyboard in Resources */,
				4CCA7C4C2B456E78008CA04C /* Assets.xcassets in Resources */,
				4CCA7C4A2B456E77008CA04C /* Main.storyboard in Resources */,
				4CCA7C5A2B4574B7008CA04C /* MockTableViewCell.xib in Resources */,
				4C8E1A342B45AE6D0047A877 /* DemoViewController.xib in Resources */,
				4C347FF32B46ABD900CE8299 /* VideoTableViewCell.xib in Resources */,
			);
			runOnlyForDeploymentPostprocessing = 0;
		};
/* End PBXResourcesBuildPhase section */

/* Begin PBXSourcesBuildPhase section */
		4CCA7C3B2B456E77008CA04C /* Sources */ = {
			isa = PBXSourcesBuildPhase;
			buildActionMask = 2147483647;
			files = (
				4C8E1A312B45AD360047A877 /* SettingViewController.swift in Sources */,
				4CCA7C472B456E77008CA04C /* DemoViewController.swift in Sources */,
				4C4BFD382B4D74E700A1797A /* DemoMainView.swift in Sources */,
				4CCA7C432B456E77008CA04C /* AppDelegate.swift in Sources */,
				4CCA7C452B456E77008CA04C /* SceneDelegate.swift in Sources */,
				4C4BFD452B4EC85C00A1797A /* Constants.swift in Sources */,
				4C4BFD3A2B4D783D00A1797A /* VideoCellView.swift in Sources */,
				4CCA7C572B457085008CA04C /* MockTableViewCell.swift in Sources */,
				4C347FEF2B45BACC00CE8299 /* VideoTableViewCell.swift in Sources */,
				4C4BFD322B4D63CC00A1797A /* FirstViewController.swift in Sources */,
			);
			runOnlyForDeploymentPostprocessing = 0;
		};
/* End PBXSourcesBuildPhase section */

/* Begin PBXVariantGroup section */
		4CCA7C482B456E77008CA04C /* Main.storyboard */ = {
			isa = PBXVariantGroup;
			children = (
				4CCA7C492B456E77008CA04C /* Base */,
			);
			name = Main.storyboard;
			sourceTree = "<group>";
		};
		4CCA7C4D2B456E78008CA04C /* LaunchScreen.storyboard */ = {
			isa = PBXVariantGroup;
			children = (
				4CCA7C4E2B456E78008CA04C /* Base */,
			);
			name = LaunchScreen.storyboard;
			sourceTree = "<group>";
		};
/* End PBXVariantGroup section */

/* Begin XCBuildConfiguration section */
		4CCA7C512B456E78008CA04C /* Debug */ = {
			isa = XCBuildConfiguration;
			buildSettings = {
				ALWAYS_SEARCH_USER_PATHS = NO;
				ASSETCATALOG_COMPILER_GENERATE_SWIFT_ASSET_SYMBOL_EXTENSIONS = YES;
				CLANG_ANALYZER_NONNULL = YES;
				CLANG_ANALYZER_NUMBER_OBJECT_CONVERSION = YES_AGGRESSIVE;
				CLANG_CXX_LANGUAGE_STANDARD = "gnu++20";
				CLANG_ENABLE_MODULES = YES;
				CLANG_ENABLE_OBJC_ARC = YES;
				CLANG_ENABLE_OBJC_WEAK = YES;
				CLANG_WARN_BLOCK_CAPTURE_AUTORELEASING = YES;
				CLANG_WARN_BOOL_CONVERSION = YES;
				CLANG_WARN_COMMA = YES;
				CLANG_WARN_CONSTANT_CONVERSION = YES;
				CLANG_WARN_DEPRECATED_OBJC_IMPLEMENTATIONS = YES;
				CLANG_WARN_DIRECT_OBJC_ISA_USAGE = YES_ERROR;
				CLANG_WARN_DOCUMENTATION_COMMENTS = YES;
				CLANG_WARN_EMPTY_BODY = YES;
				CLANG_WARN_ENUM_CONVERSION = YES;
				CLANG_WARN_INFINITE_RECURSION = YES;
				CLANG_WARN_INT_CONVERSION = YES;
				CLANG_WARN_NON_LITERAL_NULL_CONVERSION = YES;
				CLANG_WARN_OBJC_IMPLICIT_RETAIN_SELF = YES;
				CLANG_WARN_OBJC_LITERAL_CONVERSION = YES;
				CLANG_WARN_OBJC_ROOT_CLASS = YES_ERROR;
				CLANG_WARN_QUOTED_INCLUDE_IN_FRAMEWORK_HEADER = YES;
				CLANG_WARN_RANGE_LOOP_ANALYSIS = YES;
				CLANG_WARN_STRICT_PROTOTYPES = YES;
				CLANG_WARN_SUSPICIOUS_MOVE = YES;
				CLANG_WARN_UNGUARDED_AVAILABILITY = YES_AGGRESSIVE;
				CLANG_WARN_UNREACHABLE_CODE = YES;
				CLANG_WARN__DUPLICATE_METHOD_MATCH = YES;
				COPY_PHASE_STRIP = NO;
				DEBUG_INFORMATION_FORMAT = dwarf;
				ENABLE_STRICT_OBJC_MSGSEND = YES;
				ENABLE_TESTABILITY = YES;
				ENABLE_USER_SCRIPT_SANDBOXING = YES;
				GCC_C_LANGUAGE_STANDARD = gnu17;
				GCC_DYNAMIC_NO_PIC = NO;
				GCC_NO_COMMON_BLOCKS = YES;
				GCC_OPTIMIZATION_LEVEL = 0;
				GCC_PREPROCESSOR_DEFINITIONS = (
					"DEBUG=1",
					"$(inherited)",
				);
				GCC_WARN_64_TO_32_BIT_CONVERSION = YES;
				GCC_WARN_ABOUT_RETURN_TYPE = YES_ERROR;
				GCC_WARN_UNDECLARED_SELECTOR = YES;
				GCC_WARN_UNINITIALIZED_AUTOS = YES_AGGRESSIVE;
				GCC_WARN_UNUSED_FUNCTION = YES;
				GCC_WARN_UNUSED_VARIABLE = YES;
				IPHONEOS_DEPLOYMENT_TARGET = 13.0;
				LOCALIZATION_PREFERS_STRING_CATALOGS = YES;
				MTL_ENABLE_DEBUG_INFO = INCLUDE_SOURCE;
				MTL_FAST_MATH = YES;
				ONLY_ACTIVE_ARCH = YES;
				SDKROOT = iphoneos;
				SWIFT_ACTIVE_COMPILATION_CONDITIONS = "DEBUG $(inherited)";
				SWIFT_OPTIMIZATION_LEVEL = "-Onone";
			};
			name = Debug;
		};
		4CCA7C522B456E78008CA04C /* Release */ = {
			isa = XCBuildConfiguration;
			buildSettings = {
				ALWAYS_SEARCH_USER_PATHS = NO;
				ASSETCATALOG_COMPILER_GENERATE_SWIFT_ASSET_SYMBOL_EXTENSIONS = YES;
				CLANG_ANALYZER_NONNULL = YES;
				CLANG_ANALYZER_NUMBER_OBJECT_CONVERSION = YES_AGGRESSIVE;
				CLANG_CXX_LANGUAGE_STANDARD = "gnu++20";
				CLANG_ENABLE_MODULES = YES;
				CLANG_ENABLE_OBJC_ARC = YES;
				CLANG_ENABLE_OBJC_WEAK = YES;
				CLANG_WARN_BLOCK_CAPTURE_AUTORELEASING = YES;
				CLANG_WARN_BOOL_CONVERSION = YES;
				CLANG_WARN_COMMA = YES;
				CLANG_WARN_CONSTANT_CONVERSION = YES;
				CLANG_WARN_DEPRECATED_OBJC_IMPLEMENTATIONS = YES;
				CLANG_WARN_DIRECT_OBJC_ISA_USAGE = YES_ERROR;
				CLANG_WARN_DOCUMENTATION_COMMENTS = YES;
				CLANG_WARN_EMPTY_BODY = YES;
				CLANG_WARN_ENUM_CONVERSION = YES;
				CLANG_WARN_INFINITE_RECURSION = YES;
				CLANG_WARN_INT_CONVERSION = YES;
				CLANG_WARN_NON_LITERAL_NULL_CONVERSION = YES;
				CLANG_WARN_OBJC_IMPLICIT_RETAIN_SELF = YES;
				CLANG_WARN_OBJC_LITERAL_CONVERSION = YES;
				CLANG_WARN_OBJC_ROOT_CLASS = YES_ERROR;
				CLANG_WARN_QUOTED_INCLUDE_IN_FRAMEWORK_HEADER = YES;
				CLANG_WARN_RANGE_LOOP_ANALYSIS = YES;
				CLANG_WARN_STRICT_PROTOTYPES = YES;
				CLANG_WARN_SUSPICIOUS_MOVE = YES;
				CLANG_WARN_UNGUARDED_AVAILABILITY = YES_AGGRESSIVE;
				CLANG_WARN_UNREACHABLE_CODE = YES;
				CLANG_WARN__DUPLICATE_METHOD_MATCH = YES;
				COPY_PHASE_STRIP = NO;
				DEBUG_INFORMATION_FORMAT = "dwarf-with-dsym";
				ENABLE_NS_ASSERTIONS = NO;
				ENABLE_STRICT_OBJC_MSGSEND = YES;
				ENABLE_USER_SCRIPT_SANDBOXING = YES;
				GCC_C_LANGUAGE_STANDARD = gnu17;
				GCC_NO_COMMON_BLOCKS = YES;
				GCC_WARN_64_TO_32_BIT_CONVERSION = YES;
				GCC_WARN_ABOUT_RETURN_TYPE = YES_ERROR;
				GCC_WARN_UNDECLARED_SELECTOR = YES;
				GCC_WARN_UNINITIALIZED_AUTOS = YES_AGGRESSIVE;
				GCC_WARN_UNUSED_FUNCTION = YES;
				GCC_WARN_UNUSED_VARIABLE = YES;
				IPHONEOS_DEPLOYMENT_TARGET = 13.0;
				LOCALIZATION_PREFERS_STRING_CATALOGS = YES;
				MTL_ENABLE_DEBUG_INFO = NO;
				MTL_FAST_MATH = YES;
				SDKROOT = iphoneos;
				SWIFT_COMPILATION_MODE = wholemodule;
				VALIDATE_PRODUCT = YES;
			};
			name = Release;
		};
		4CCA7C542B456E78008CA04C /* Debug */ = {
			isa = XCBuildConfiguration;
			buildSettings = {
				ASSETCATALOG_COMPILER_APPICON_NAME = AppIcon;
				ASSETCATALOG_COMPILER_GLOBAL_ACCENT_COLOR_NAME = AccentColor;
				CODE_SIGN_STYLE = Automatic;
				CURRENT_PROJECT_VERSION = 1;
				DEVELOPMENT_TEAM = F7XJAAS3JA;
				GENERATE_INFOPLIST_FILE = YES;
				INFOPLIST_FILE = InStreamSample/Info.plist;
				INFOPLIST_KEY_UIApplicationSupportsIndirectInputEvents = YES;
				INFOPLIST_KEY_UILaunchStoryboardName = LaunchScreen;
				INFOPLIST_KEY_UIMainStoryboardFile = Main;
				INFOPLIST_KEY_UISupportedInterfaceOrientations_iPad = "UIInterfaceOrientationPortrait UIInterfaceOrientationPortraitUpsideDown UIInterfaceOrientationLandscapeLeft UIInterfaceOrientationLandscapeRight";
				INFOPLIST_KEY_UISupportedInterfaceOrientations_iPhone = "UIInterfaceOrientationPortrait UIInterfaceOrientationLandscapeLeft UIInterfaceOrientationLandscapeRight";
				IPHONEOS_DEPLOYMENT_TARGET = 14.0;
				LD_RUNPATH_SEARCH_PATHS = (
					"$(inherited)",
					"@executable_path/Frameworks",
				);
				MARKETING_VERSION = 1.0;
				PRODUCT_BUNDLE_IDENTIFIER = fr.beapp.dtk.InStreamSample;
				PRODUCT_NAME = "$(TARGET_NAME)";
				SWIFT_EMIT_LOC_STRINGS = YES;
				SWIFT_VERSION = 5.0;
				TARGETED_DEVICE_FAMILY = "1,2";
			};
			name = Debug;
		};
		4CCA7C552B456E78008CA04C /* Release */ = {
			isa = XCBuildConfiguration;
			buildSettings = {
				ASSETCATALOG_COMPILER_APPICON_NAME = AppIcon;
				ASSETCATALOG_COMPILER_GLOBAL_ACCENT_COLOR_NAME = AccentColor;
				CODE_SIGN_STYLE = Automatic;
				CURRENT_PROJECT_VERSION = 1;
				DEVELOPMENT_TEAM = F7XJAAS3JA;
				GENERATE_INFOPLIST_FILE = YES;
				INFOPLIST_FILE = InStreamSample/Info.plist;
				INFOPLIST_KEY_UIApplicationSupportsIndirectInputEvents = YES;
				INFOPLIST_KEY_UILaunchStoryboardName = LaunchScreen;
				INFOPLIST_KEY_UIMainStoryboardFile = Main;
				INFOPLIST_KEY_UISupportedInterfaceOrientations_iPad = "UIInterfaceOrientationPortrait UIInterfaceOrientationPortraitUpsideDown UIInterfaceOrientationLandscapeLeft UIInterfaceOrientationLandscapeRight";
				INFOPLIST_KEY_UISupportedInterfaceOrientations_iPhone = "UIInterfaceOrientationPortrait UIInterfaceOrientationLandscapeLeft UIInterfaceOrientationLandscapeRight";
				IPHONEOS_DEPLOYMENT_TARGET = 14.0;
				LD_RUNPATH_SEARCH_PATHS = (
					"$(inherited)",
					"@executable_path/Frameworks",
				);
				MARKETING_VERSION = 1.0;
				PRODUCT_BUNDLE_IDENTIFIER = fr.beapp.dtk.InStreamSample;
				PRODUCT_NAME = "$(TARGET_NAME)";
				SWIFT_EMIT_LOC_STRINGS = YES;
				SWIFT_VERSION = 5.0;
				TARGETED_DEVICE_FAMILY = "1,2";
			};
			name = Release;
		};
/* End XCBuildConfiguration section */

/* Begin XCConfigurationList section */
		4CCA7C3A2B456E77008CA04C /* Build configuration list for PBXProject "InStreamSample" */ = {
			isa = XCConfigurationList;
			buildConfigurations = (
				4CCA7C512B456E78008CA04C /* Debug */,
				4CCA7C522B456E78008CA04C /* Release */,
			);
			defaultConfigurationIsVisible = 0;
			defaultConfigurationName = Release;
		};
		4CCA7C532B456E78008CA04C /* Build configuration list for PBXNativeTarget "InStreamSample" */ = {
			isa = XCConfigurationList;
			buildConfigurations = (
				4CCA7C542B456E78008CA04C /* Debug */,
				4CCA7C552B456E78008CA04C /* Release */,
			);
			defaultConfigurationIsVisible = 0;
			defaultConfigurationName = Release;
		};
/* End XCConfigurationList section */

/* Begin XCLocalSwiftPackageReference section */
		4CF450572B5E682E0059F2AD /* XCLocalSwiftPackageReference "../digiteka.instream.ios" */ = {
			isa = XCLocalSwiftPackageReference;
			relativePath = ../digiteka.instream.ios;
		};
/* End XCLocalSwiftPackageReference section */

/* Begin XCSwiftPackageProductDependency section */
		4C347FF72B46BD4B00CE8299 /* InStreamSDK */ = {
			isa = XCSwiftPackageProductDependency;
			productName = InStreamSDK;
		};
		4C347FFB2B46C65700CE8299 /* InStreamSDK */ = {
			isa = XCSwiftPackageProductDependency;
			productName = InStreamSDK;
		};
		4C3480012B46C87F00CE8299 /* InStreamSDK */ = {
			isa = XCSwiftPackageProductDependency;
			productName = InStreamSDK;
		};
		4C3480062B46CFA300CE8299 /* InStreamSDK */ = {
			isa = XCSwiftPackageProductDependency;
			productName = InStreamSDK;
		};
		4C3480092B46D0AB00CE8299 /* InStreamSDK */ = {
			isa = XCSwiftPackageProductDependency;
			productName = InStreamSDK;
		};
		4C3480102B485BA700CE8299 /* InStreamSDK */ = {
			isa = XCSwiftPackageProductDependency;
			productName = InStreamSDK;
		};
		4C8E1A2E2B45AB5F0047A877 /* InStreamSDK */ = {
			isa = XCSwiftPackageProductDependency;
			productName = InStreamSDK;
		};
		4CCA7C5D2B457808008CA04C /* InStreamSDK */ = {
			isa = XCSwiftPackageProductDependency;
			productName = InStreamSDK;
		};
		4CCA7C7B2B459689008CA04C /* InStreamSDK */ = {
			isa = XCSwiftPackageProductDependency;
			productName = InStreamSDK;
		};
		4CCA7C7D2B459716008CA04C /* InStreamSDK */ = {
			isa = XCSwiftPackageProductDependency;
			productName = InStreamSDK;
		};
		4CF450582B5E682E0059F2AD /* InStreamSDK */ = {
			isa = XCSwiftPackageProductDependency;
			productName = InStreamSDK;
		};
/* End XCSwiftPackageProductDependency section */
	};
	rootObject = 4CCA7C372B456E77008CA04C /* Project object */;
}
